<?xml version="1.0" encoding="utf-8"?>
<Project ToolsVersion="4.0" xmlns="http://schemas.microsoft.com/developer/msbuild/2003">
  <ItemGroup>
    <Filter Include="源文件">
      <UniqueIdentifier>{4FC737F1-C7A5-4376-A066-2A32D752A2FF}</UniqueIdentifier>
      <Extensions>cpp;c;cc;cxx;def;odl;idl;hpj;bat;asm;asmx</Extensions>
    </Filter>
    <Filter Include="头文件">
      <UniqueIdentifier>{93995380-89BD-4b04-88EB-625FBE52EBFB}</UniqueIdentifier>
      <Extensions>h;hh;hpp;hxx;hm;inl;inc;xsd</Extensions>
    </Filter>
    <Filter Include="资源文件">
      <UniqueIdentifier>{67DA6AB6-F800-4c08-8B7A-83BB121AAD01}</UniqueIdentifier>
      <Extensions>rc;ico;cur;bmp;dlg;rc2;rct;bin;rgs;gif;jpg;jpeg;jpe;resx;tiff;tif;png;wav;mfcribbon-ms</Extensions>
    </Filter>
  </ItemGroup>
  <ItemGroup>
    <Text Include="ReadMe.txt" />
  </ItemGroup>
  <ItemGroup>
    <ClInclude Include="stdafx.h">
      <Filter>头文件</Filter>
    </ClInclude>
    <ClInclude Include="targetver.h">
      <Filter>头文件</Filter>
    </ClInclude>
    <ClInclude Include="libs\v8\include\v8.h">
      <Filter>头文件</Filter>
    </ClInclude>
    <ClInclude Include="libs\v8\include\v8config.h">
      <Filter>头文件</Filter>
    </ClInclude>
    <ClInclude Include="libs\v8\include\v8-debug.h">
      <Filter>头文件</Filter>
    </ClInclude>
    <ClInclude Include="libs\v8\include\v8-platform.h">
      <Filter>头文件</Filter>
    </ClInclude>
    <ClInclude Include="libs\v8\include\v8-profiler.h">
      <Filter>头文件</Filter>
    </ClInclude>
    <ClInclude Include="libs\v8\include\v8stdint.h">
      <Filter>头文件</Filter>
    </ClInclude>
    <ClInclude Include="libs\v8\include\v8-testing.h">
      <Filter>头文件</Filter>
    </ClInclude>
    <ClInclude Include="libs\v8\include\v8-util.h">
      <Filter>头文件</Filter>
    </ClInclude>
    <ClInclude Include="libs\scheme\scm.h">
      <Filter>头文件</Filter>
    </ClInclude>
    <ClInclude Include="libs\curl\curl.h">
      <Filter>头文件</Filter>
    </ClInclude>
    <ClInclude Include="libs\curl\curlbuild.h">
      <Filter>头文件</Filter>
    </ClInclude>
    <ClInclude Include="libs\curl\curlrules.h">
      <Filter>头文件</Filter>
    </ClInclude>
    <ClInclude Include="libs\curl\curlver.h">
      <Filter>头文件</Filter>
    </ClInclude>
    <ClInclude Include="libs\curl\easy.h">
      <Filter>头文件</Filter>
    </ClInclude>
    <ClInclude Include="libs\curl\mprintf.h">
      <Filter>头文件</Filter>
    </ClInclude>
    <ClInclude Include="libs\curl\multi.h">
      <Filter>头文件</Filter>
    </ClInclude>
    <ClInclude Include="libs\curl\stdcheaders.h">
      <Filter>头文件</Filter>
    </ClInclude>
    <ClInclude Include="libs\curl\system.h">
      <Filter>头文件</Filter>
    </ClInclude>
    <ClInclude Include="libs\curl\typecheck-gcc.h">
      <Filter>头文件</Filter>
    </ClInclude>
    <ClInclude Include="libs\jsoncpp\allocator.h">
      <Filter>头文件</Filter>
    </ClInclude>
    <ClInclude Include="libs\jsoncpp\assertions.h">
      <Filter>头文件</Filter>
    </ClInclude>
    <ClInclude Include="libs\jsoncpp\autolink.h">
      <Filter>头文件</Filter>
    </ClInclude>
    <ClInclude Include="libs\jsoncpp\config.h">
      <Filter>头文件</Filter>
    </ClInclude>
    <ClInclude Include="libs\jsoncpp\features.h">
      <Filter>头文件</Filter>
    </ClInclude>
    <ClInclude Include="libs\jsoncpp\forwards.h">
      <Filter>头文件</Filter>
    </ClInclude>
    <ClInclude Include="libs\jsoncpp\json.h">
      <Filter>头文件</Filter>
    </ClInclude>
    <ClInclude Include="libs\jsoncpp\reader.h">
      <Filter>头文件</Filter>
    </ClInclude>
    <ClInclude Include="libs\jsoncpp\value.h">
      <Filter>头文件</Filter>
    </ClInclude>
    <ClInclude Include="libs\jsoncpp\version.h">
      <Filter>头文件</Filter>
    </ClInclude>
    <ClInclude Include="libs\jsoncpp\writer.h">
      <Filter>头文件</Filter>
    </ClInclude>
    <ClInclude Include="libs\cqp.h">
      <Filter>头文件</Filter>
    </ClInclude>
    <ClInclude Include="libs\curl.h">
      <Filter>头文件</Filter>
    </ClInclude>
    <ClInclude Include="robot\robot.h">
      <Filter>头文件</Filter>
    </ClInclude>
    <ClInclude Include="robot\group_message.hpp">
      <Filter>头文件</Filter>
    </ClInclude>
    <ClInclude Include="robot\message.hpp">
      <Filter>头文件</Filter>
    </ClInclude>
    <ClInclude Include="robot\message_sender.hpp">
      <Filter>头文件</Filter>
    </ClInclude>
    <ClInclude Include="robot\private_message.hpp">
      <Filter>头文件</Filter>
    </ClInclude>
    <ClInclude Include="robot\stringutil.hpp">
      <Filter>头文件</Filter>
    </ClInclude>
    <ClInclude Include="robot\functions\blacklist.hpp">
      <Filter>头文件</Filter>
    </ClInclude>
    <ClInclude Include="robot\functions\function.hpp">
      <Filter>头文件</Filter>
    </ClInclude>
    <ClInclude Include="robot\functions\interpreter.hpp">
      <Filter>头文件</Filter>
    </ClInclude>
    <ClInclude Include="robot\functions\manual.hpp">
      <Filter>头文件</Filter>
    </ClInclude>
    <ClInclude Include="robot\functions\osu_query\osu_query.hpp">
      <Filter>头文件</Filter>
    </ClInclude>
    <ClInclude Include="robot\functions\osu_query\request.hpp">
      <Filter>头文件</Filter>
    </ClInclude>
    <ClInclude Include="robot\functions\interpreters\js.hpp">
      <Filter>头文件</Filter>
    </ClInclude>
    <ClInclude Include="robot\functions\interpreters\scheme.hpp">
      <Filter>头文件</Filter>
    </ClInclude>
  </ItemGroup>
  <ItemGroup>
    <ClCompile Include="stdafx.cpp">
      <Filter>源文件</Filter>
    </ClCompile>
    <ClCompile Include="dllmain.cpp">
      <Filter>源文件</Filter>
    </ClCompile>
    <ClCompile Include="QQRobot.cpp">
      <Filter>源文件</Filter>
    </ClCompile>
    <ClCompile Include="robot\robot.cpp">
      <Filter>源文件</Filter>
    </ClCompile>
  </ItemGroup>
  <ItemGroup>
    <None Include="..\..\..\cqsdk-vc\CQPdemo\io.github.hlpp.QQRobot.json">
      <Filter>资源文件</Filter>
    </None>
    <None Include="scheme\petite.boot" />
    <None Include="scheme\scheme.boot" />
  </ItemGroup>
  <ItemGroup>
    <Library Include="libs\CQP.lib" />
    <Library Include="libs\v8\x86\v8.lib" />
    <Library Include="libs\curl\libcurl.lib" />
    <Library Include="libs\jsoncpp\lib_json.lib" />
    <Library Include="libs\scheme\libscm.lib" />
  </ItemGroup>
</Project>